
Microsoft Visual Studio Solution File, Format Version 12.00
# Visual Studio Version 16
VisualStudioVersion = 16.0.31624.102
MinimumVisualStudioVersion = 10.0.40219.1
Project("{FAE04EC0-301F-11D3-BF4B-00C04F79EFBC}") = "AutoLink", "AutoLink\AutoLink.csproj", "{402C5D72-EE80-49DD-B882-9D9DB0997C1D}"
EndProject
Global
	GlobalSection(SolutionConfigurationPlatforms) = preSolution
		Debug|Any CPU = Debug|Any CPU
		Release|Any CPU = Release|Any CPU
	EndGlobalSection
	GlobalSection(ProjectConfigurationPlatforms) = postSolution
		{402C5D72-EE80-49DD-B882-9D9DB0997C1D}.Debug|Any CPU.ActiveCfg = Debug|Any CPU
		{402C5D72-EE80-49DD-B882-9D9DB0997C1D}.Debug|Any CPU.Build.0 = Debug|Any CPU
		{402C5D72-EE80-49DD-B882-9D9DB0997C1D}.Release|Any CPU.ActiveCfg = Release|Any CPU
		{402C5D72-EE80-49DD-B882-9D9DB0997C1D}.Release|Any CPU.Build.0 = Release|Any CPU
	EndGlobalSection
	GlobalSection(SolutionProperties) = preSolution
		HideSolutionNode = FALSE
	EndGlobalSection
	GlobalSection(ExtensibilityGlobals) = postSolution
		SolutionGuid = {2962802F-0806-49AC-B809-76048F107FFF}
	EndGlobalSection
EndGlobal
